
Microsoft Visual Studio Solution File, Format Version 12.00
# Visual Studio Version 16
VisualStudioVersion = 16.0.32228.343
MinimumVisualStudioVersion = 10.0.40219.1
Project("{9A19103F-16F7-4668-BE54-9A1E7A4F7556}") = "HelloBlazorServer", "HelloBlazorServer\HelloBlazorServer.csproj", "{7B61647C-C1CD-42CB-8F6F-555139C5656D}"
EndProject
Project("{9A19103F-16F7-4668-BE54-9A1E7A4F7556}") = "BlazorApp", "BlazorApp\BlazorApp.csproj", "{10FFBBCD-CF8B-47DC-A5D2-2F463D0ED216}"
EndProject
Project("{FAE04EC0-301F-11D3-BF4B-00C04F79EFBC}") = "EFCore_Practice", "EFCore_Practice\EFCore_Practice.csproj", "{70088331-28A7-4E5B-92D3-A9CAB4043AC0}"
EndProject
Global
	GlobalSection(SolutionConfigurationPlatforms) = preSolution
		Debug|Any CPU = Debug|Any CPU
		Release|Any CPU = Release|Any CPU
	EndGlobalSection
	GlobalSection(ProjectConfigurationPlatforms) = postSolution
		{7B61647C-C1CD-42CB-8F6F-555139C5656D}.Debug|Any CPU.ActiveCfg = Debug|Any CPU
		{7B61647C-C1CD-42CB-8F6F-555139C5656D}.Debug|Any CPU.Build.0 = Debug|Any CPU
		{7B61647C-C1CD-42CB-8F6F-555139C5656D}.Release|Any CPU.ActiveCfg = Release|Any CPU
		{7B61647C-C1CD-42CB-8F6F-555139C5656D}.Release|Any CPU.Build.0 = Release|Any CPU
		{10FFBBCD-CF8B-47DC-A5D2-2F463D0ED216}.Debug|Any CPU.ActiveCfg = Debug|Any CPU
		{10FFBBCD-CF8B-47DC-A5D2-2F463D0ED216}.Debug|Any CPU.Build.0 = Debug|Any CPU
		{10FFBBCD-CF8B-47DC-A5D2-2F463D0ED216}.Release|Any CPU.ActiveCfg = Release|Any CPU
		{10FFBBCD-CF8B-47DC-A5D2-2F463D0ED216}.Release|Any CPU.Build.0 = Release|Any CPU
		{70088331-28A7-4E5B-92D3-A9CAB4043AC0}.Debug|Any CPU.ActiveCfg = Debug|Any CPU
		{70088331-28A7-4E5B-92D3-A9CAB4043AC0}.Debug|Any CPU.Build.0 = Debug|Any CPU
		{70088331-28A7-4E5B-92D3-A9CAB4043AC0}.Release|Any CPU.ActiveCfg = Release|Any CPU
		{70088331-28A7-4E5B-92D3-A9CAB4043AC0}.Release|Any CPU.Build.0 = Release|Any CPU
	EndGlobalSection
	GlobalSection(SolutionProperties) = preSolution
		HideSolutionNode = FALSE
	EndGlobalSection
	GlobalSection(ExtensibilityGlobals) = postSolution
		SolutionGuid = {CE99516A-3FDE-4F80-BC82-551401AD3E25}
	EndGlobalSection
EndGlobal
